# THIS IS AN AUTOGENERATED FILE. DO NOT EDIT THIS FILE DIRECTLY.
# yarn lockfile v1


"@tensorflow-models/blazeface@0.0.5":
  version "0.0.5"
  resolved "https://registry.yarnpkg.com/@tensorflow-models/blazeface/-/blazeface-0.0.5.tgz#6261fcc5de61a283ea409b69f6a851f44a809826"
  integrity sha512-bIMJDV2CD8rr7v9OrIDdDZVh9sbk0EhlZdHaDFpgWUw3Lp21wUN7GSifOJVE5hV2ngmpzM+J12OH8bG1GZoDag==

"@tensorflow-models/facemesh@^0.0.3":
  version "0.0.3"
  resolved "https://registry.yarnpkg.com/@tensorflow-models/facemesh/-/facemesh-0.0.3.tgz#da93d94e61e01b5088ade200f4ed6942d4499da5"
  integrity sha512-c0a6ALk+n9OX/z94TSnf6qA7X8u6mii/qnzRnTF3UmgzKDPPW0AkSr8h0Wy2NIZCNw6LLNpFNnYPFjs7hyxQ7A==
  dependencies:
    "@tensorflow-models/blazeface" "0.0.5"
